
Microsoft Visual Studio Solution File, Format Version 12.00
# Visual Studio Version 17
VisualStudioVersion = 17.4.33403.182
MinimumVisualStudioVersion = 10.0.40219.1
Project("{FAE04EC0-301F-11D3-BF4B-00C04F79EFBC}") = "PlaTest.Api", "PlaTest.Api\PlaTest.Api.csproj", "{3E2D7DA8-0353-4A15-B736-44CA5693DA79}"
EndProject
Global
	GlobalSection(SolutionConfigurationPlatforms) = preSolution
		Debug|Any CPU = Debug|Any CPU
		Release|Any CPU = Release|Any CPU
	EndGlobalSection
	GlobalSection(ProjectConfigurationPlatforms) = postSolution
		{3E2D7DA8-0353-4A15-B736-44CA5693DA79}.Debug|Any CPU.ActiveCfg = Debug|Any CPU
		{3E2D7DA8-0353-4A15-B736-44CA5693DA79}.Debug|Any CPU.Build.0 = Debug|Any CPU
		{3E2D7DA8-0353-4A15-B736-44CA5693DA79}.Release|Any CPU.ActiveCfg = Release|Any CPU
		{3E2D7DA8-0353-4A15-B736-44CA5693DA79}.Release|Any CPU.Build.0 = Release|Any CPU
	EndGlobalSection
	GlobalSection(SolutionProperties) = preSolution
		HideSolutionNode = FALSE
	EndGlobalSection
	GlobalSection(ExtensibilityGlobals) = postSolution
		SolutionGuid = {33F4A775-5E9D-44AD-8231-040436975085}
	EndGlobalSection
EndGlobal
